
Microsoft Visual Studio Solution File, Format Version 12.00
# Visual Studio Version 16
VisualStudioVersion = 16.0.30804.86
MinimumVisualStudioVersion = 10.0.40219.1
Project("{FAE04EC0-301F-11D3-BF4B-00C04F79EFBC}") = "API_REST_CINE", "API_REST_CINE\API_REST_CINE.csproj", "{3DB66F35-7817-4512-A418-FE20FAEE0326}"
EndProject
Global
	GlobalSection(SolutionConfigurationPlatforms) = preSolution
		Debug|Any CPU = Debug|Any CPU
		Release|Any CPU = Release|Any CPU
	EndGlobalSection
	GlobalSection(ProjectConfigurationPlatforms) = postSolution
		{3DB66F35-7817-4512-A418-FE20FAEE0326}.Debug|Any CPU.ActiveCfg = Debug|Any CPU
		{3DB66F35-7817-4512-A418-FE20FAEE0326}.Debug|Any CPU.Build.0 = Debug|Any CPU
		{3DB66F35-7817-4512-A418-FE20FAEE0326}.Release|Any CPU.ActiveCfg = Release|Any CPU
		{3DB66F35-7817-4512-A418-FE20FAEE0326}.Release|Any CPU.Build.0 = Release|Any CPU
	EndGlobalSection
	GlobalSection(SolutionProperties) = preSolution
		HideSolutionNode = FALSE
	EndGlobalSection
	GlobalSection(ExtensibilityGlobals) = postSolution
		SolutionGuid = {6139D43E-1F9E-4854-92FD-DE91BC072C51}
	EndGlobalSection
EndGlobal
